<?xml version="1.0" encoding="utf-8"?>
<Project ToolsVersion="Current" xmlns="http://schemas.microsoft.com/developer/msbuild/2003">
  <ItemGroup>
    <ClCompile Include="winmain.cpp" />
  </ItemGroup>
  <ItemGroup>
    <Filter Include="header">
      <UniqueIdentifier>{68f875ff-786c-4f4e-b19d-7ad054aeead0}</UniqueIdentifier>
    </Filter>
    <Filter Include="cpp">
      <UniqueIdentifier>{35066d28-1af5-48ed-9813-abfd7d75b622}</UniqueIdentifier>
    </Filter>
  </ItemGroup>
  <ItemGroup>
    <ClInclude Include="takekawaryuto.h">
      <Filter>header</Filter>
    </ClInclude>
    <ClInclude Include="SugaMasaei.h">
      <Filter>header</Filter>
    </ClInclude>
    <ClInclude Include="izumi.h">
      <Filter>header</Filter>
    </ClInclude>
    <ClInclude Include="MatuzawaAoi.h">
      <Filter>header</Filter>
    </ClInclude>
  </ItemGroup>
</Project>